
Microsoft Visual Studio Solution File, Format Version 12.00
# Visual Studio Version 17
VisualStudioVersion = 17.2.32616.157
MinimumVisualStudioVersion = 10.0.40219.1
Project("{FAE04EC0-301F-11D3-BF4B-00C04F79EFBC}") = "FinalTextBasedGame", "FinalTextBasedGame\FinalTextBasedGame.csproj", "{CBC7096F-88AC-4EC6-B2B8-1474F29ABD74}"
EndProject
Global
	GlobalSection(SolutionConfigurationPlatforms) = preSolution
		Debug|Any CPU = Debug|Any CPU
		Release|Any CPU = Release|Any CPU
	EndGlobalSection
	GlobalSection(ProjectConfigurationPlatforms) = postSolution
		{CBC7096F-88AC-4EC6-B2B8-1474F29ABD74}.Debug|Any CPU.ActiveCfg = Debug|Any CPU
		{CBC7096F-88AC-4EC6-B2B8-1474F29ABD74}.Debug|Any CPU.Build.0 = Debug|Any CPU
		{CBC7096F-88AC-4EC6-B2B8-1474F29ABD74}.Release|Any CPU.ActiveCfg = Release|Any CPU
		{CBC7096F-88AC-4EC6-B2B8-1474F29ABD74}.Release|Any CPU.Build.0 = Release|Any CPU
	EndGlobalSection
	GlobalSection(SolutionProperties) = preSolution
		HideSolutionNode = FALSE
	EndGlobalSection
	GlobalSection(ExtensibilityGlobals) = postSolution
		SolutionGuid = {E65C1F40-D136-4511-B2E4-26FC8B9D5A22}
	EndGlobalSection
EndGlobal
